
Microsoft Visual Studio Solution File, Format Version 12.00
# Visual Studio 15
VisualStudioVersion = 15.0.27703.2035
MinimumVisualStudioVersion = 10.0.40219.1
Project("{FAE04EC0-301F-11D3-BF4B-00C04F79EFBC}") = "WebAPI_OAuth", "WebAPI_OAuth\WebAPI_OAuth.csproj", "{5BC604CA-4919-4E15-8972-AC62E93362D5}"
EndProject
Project("{FAE04EC0-301F-11D3-BF4B-00C04F79EFBC}") = "WebApp_OAuth", "WebApp_OAuth\WebApp_OAuth.csproj", "{7691E3A0-2943-49F5-9200-98FF87486246}"
EndProject
Global
	GlobalSection(SolutionConfigurationPlatforms) = preSolution
		Debug|Any CPU = Debug|Any CPU
		Release|Any CPU = Release|Any CPU
	EndGlobalSection
	GlobalSection(ProjectConfigurationPlatforms) = postSolution
		{5BC604CA-4919-4E15-8972-AC62E93362D5}.Debug|Any CPU.ActiveCfg = Debug|Any CPU
		{5BC604CA-4919-4E15-8972-AC62E93362D5}.Debug|Any CPU.Build.0 = Debug|Any CPU
		{5BC604CA-4919-4E15-8972-AC62E93362D5}.Release|Any CPU.ActiveCfg = Release|Any CPU
		{5BC604CA-4919-4E15-8972-AC62E93362D5}.Release|Any CPU.Build.0 = Release|Any CPU
		{7691E3A0-2943-49F5-9200-98FF87486246}.Debug|Any CPU.ActiveCfg = Debug|Any CPU
		{7691E3A0-2943-49F5-9200-98FF87486246}.Debug|Any CPU.Build.0 = Debug|Any CPU
		{7691E3A0-2943-49F5-9200-98FF87486246}.Release|Any CPU.ActiveCfg = Release|Any CPU
		{7691E3A0-2943-49F5-9200-98FF87486246}.Release|Any CPU.Build.0 = Release|Any CPU
	EndGlobalSection
	GlobalSection(SolutionProperties) = preSolution
		HideSolutionNode = FALSE
	EndGlobalSection
	GlobalSection(ExtensibilityGlobals) = postSolution
		SolutionGuid = {A133E4C1-4CBB-48F3-B690-088D1785EB9C}
	EndGlobalSection
EndGlobal
